<?xml version="1.0" encoding="utf-8"?>
<Project ToolsVersion="4.0" xmlns="http://schemas.microsoft.com/developer/msbuild/2003">
  <ItemGroup>
    <Filter Include="Source Files">
      <UniqueIdentifier>{fd732195-aaad-41ea-83ec-fd719f38bba2}</UniqueIdentifier>
      <Extensions>cpp;c</Extensions>
    </Filter>
    <Filter Include="Source Files\Menu Stuff">
      <UniqueIdentifier>{e105c63d-b348-4a6b-9c02-28bf36c5b47b}</UniqueIdentifier>
    </Filter>
    <Filter Include="Header Files">
      <UniqueIdentifier>{30402b9a-3bbe-42f6-89df-63b44cf4657f}</UniqueIdentifier>
      <Extensions>hpp;h</Extensions>
    </Filter>
  </ItemGroup>
  <ItemGroup>
    <ClCompile Include="BaseMenu.cpp">
      <Filter>Source Files\Menu Stuff</Filter>
    </ClCompile>
    <ClCompile Include="DetailSettingsMenu.cpp">
      <Filter>Source Files\Menu Stuff</Filter>
    </ClCompile>
    <ClCompile Include="DisplayModeMenu.cpp">
      <Filter>Source Files\Menu Stuff</Filter>
    </ClCompile>
    <ClCompile Include="DisplayOptionsMenu.cpp">
      <Filter>Source Files\Menu Stuff</Filter>
    </ClCompile>
    <ClCompile Include="JoystickMenu.cpp">
      <Filter>Source Files\Menu Stuff</Filter>
    </ClCompile>
    <ClCompile Include="KeyboardMenu.cpp">
      <Filter>Source Files\Menu Stuff</Filter>
    </ClCompile>
    <ClCompile Include="LoadLevelMenu.cpp">
      <Filter>Source Files\Menu Stuff</Filter>
    </ClCompile>
    <ClCompile Include="LoadSavedLevelMenu.cpp">
      <Filter>Source Files\Menu Stuff</Filter>
    </ClCompile>
    <ClCompile Include="MainMenu.cpp">
      <Filter>Source Files\Menu Stuff</Filter>
    </ClCompile>
    <ClCompile Include="MouseMenu.cpp">
      <Filter>Source Files\Menu Stuff</Filter>
    </ClCompile>
    <ClCompile Include="NewGameMenu.cpp">
      <Filter>Source Files\Menu Stuff</Filter>
    </ClCompile>
    <ClCompile Include="OptionsMenu.cpp">
      <Filter>Source Files\Menu Stuff</Filter>
    </ClCompile>
    <ClCompile Include="SaveLevelMenu.cpp">
      <Filter>Source Files\Menu Stuff</Filter>
    </ClCompile>
    <ClCompile Include="SinglePlayerMenu.cpp">
      <Filter>Source Files\Menu Stuff</Filter>
    </ClCompile>
    <ClCompile Include="SoundOptionsMenu.cpp">
      <Filter>Source Files\Menu Stuff</Filter>
    </ClCompile>
    <ClCompile Include="AnimeLineFX.cpp">
      <Filter>Source Files</Filter>
    </ClCompile>
    <ClCompile Include="BaseLineSystemFX.cpp">
      <Filter>Source Files</Filter>
    </ClCompile>
    <ClCompile Include="BaseParticleSystemFX.cpp">
      <Filter>Source Files</Filter>
    </ClCompile>
    <ClCompile Include="BaseScaleFX.cpp">
      <Filter>Source Files</Filter>
    </ClCompile>
    <ClCompile Include="BitmapFont.cpp">
      <Filter>Source Files</Filter>
    </ClCompile>
    <ClCompile Include="BulletTrailFX.cpp">
      <Filter>Source Files</Filter>
    </ClCompile>
    <ClCompile Include="CastLineFX.cpp">
      <Filter>Source Files</Filter>
    </ClCompile>
    <ClCompile Include="client_physics.cpp">
      <Filter>Source Files</Filter>
    </ClCompile>
    <ClCompile Include="ClientInfoMgr.cpp">
      <Filter>Source Files</Filter>
    </ClCompile>
    <ClCompile Include="ClientUtilities.cpp">
      <Filter>Source Files</Filter>
    </ClCompile>
    <ClCompile Include="ClientWeaponUtils.cpp">
      <Filter>Source Files</Filter>
    </ClCompile>
    <ClCompile Include="CMoveMgr.cpp">
      <Filter>Source Files</Filter>
    </ClCompile>
    <ClCompile Include="Credits.cpp">
      <Filter>Source Files</Filter>
    </ClCompile>
    <ClCompile Include="CreditsWin.cpp">
      <Filter>Source Files</Filter>
    </ClCompile>
    <ClCompile Include="CriticalHitFX.cpp">
      <Filter>Source Files</Filter>
    </ClCompile>
    <ClCompile Include="DeathFX.cpp">
      <Filter>Source Files</Filter>
    </ClCompile>
    <ClCompile Include="DebrisFX.cpp">
      <Filter>Source Files</Filter>
    </ClCompile>
    <ClCompile Include="..\Shared\DebrisTypes.cpp">
      <Filter>Source Files</Filter>
    </ClCompile>
    <ClCompile Include="DynamicLightFX.cpp">
      <Filter>Source Files</Filter>
    </ClCompile>
    <ClCompile Include="ExplosionFX.cpp">
      <Filter>Source Files</Filter>
    </ClCompile>
    <ClCompile Include="GibFX.cpp">
      <Filter>Source Files</Filter>
    </ClCompile>
    <ClCompile Include="InfoDisplay.cpp">
      <Filter>Source Files</Filter>
    </ClCompile>
    <ClCompile Include="IpMgr.cpp">
      <Filter>Source Files</Filter>
    </ClCompile>
    <ClCompile Include="JuggernautFX.cpp">
      <Filter>Source Files</Filter>
    </ClCompile>
    <ClCompile Include="KeyFixes.cpp">
      <Filter>Source Files</Filter>
    </ClCompile>
    <ClCompile Include="LaserCannonFX.cpp">
      <Filter>Source Files</Filter>
    </ClCompile>
    <ClCompile Include="LightFX.cpp">
      <Filter>Source Files</Filter>
    </ClCompile>
    <ClCompile Include="LightScaleMgr.cpp">
      <Filter>Source Files</Filter>
    </ClCompile>
    <ClCompile Include="LineBallFX.cpp">
      <Filter>Source Files</Filter>
    </ClCompile>
    <ClCompile Include="MarkSFX.cpp">
      <Filter>Source Files</Filter>
    </ClCompile>
    <ClCompile Include="MessageBox.cpp">
      <Filter>Source Files</Filter>
    </ClCompile>
    <ClCompile Include="MessageMgr.cpp">
      <Filter>Source Files</Filter>
    </ClCompile>
    <ClCompile Include="MissionObjectives.cpp">
      <Filter>Source Files</Filter>
    </ClCompile>
    <ClCompile Include="..\Shared\ModelFuncs.cpp">
      <Filter>Source Files</Filter>
    </ClCompile>
    <ClCompile Include="Music.cpp">
      <Filter>Source Files</Filter>
    </ClCompile>
    <ClCompile Include="NetInfo.cpp">
      <Filter>Source Files</Filter>
    </ClCompile>
    <ClCompile Include="NetStart.cpp">
      <Filter>Source Files</Filter>
    </ClCompile>
    <ClCompile Include="ParticleExplosionFX.cpp">
      <Filter>Source Files</Filter>
    </ClCompile>
    <ClCompile Include="ParticleSystemFX.cpp">
      <Filter>Source Files</Filter>
    </ClCompile>
    <ClCompile Include="ParticleTrailFX.cpp">
      <Filter>Source Files</Filter>
    </ClCompile>
    <ClCompile Include="ParticleTrailSegmentFX.cpp">
      <Filter>Source Files</Filter>
    </ClCompile>
    <ClCompile Include="PickupItemFX.cpp">
      <Filter>Source Files</Filter>
    </ClCompile>
    <ClCompile Include="plasma1.cpp">
      <Filter>Source Files</Filter>
    </ClCompile>
    <ClCompile Include="PlayerCamera.cpp">
      <Filter>Source Files</Filter>
    </ClCompile>
    <ClCompile Include="PlayerFX.cpp">
      <Filter>Source Files</Filter>
    </ClCompile>
    <ClCompile Include="PlayerInventory.cpp">
      <Filter>Source Files</Filter>
    </ClCompile>
    <ClCompile Include="PlayerStats.cpp">
      <Filter>Source Files</Filter>
    </ClCompile>
    <ClCompile Include="PolyGridFX.cpp">
      <Filter>Source Files</Filter>
    </ClCompile>
    <ClCompile Include="PopupMenu.cpp">
      <Filter>Source Files</Filter>
    </ClCompile>
    <ClCompile Include="ProjectileFX.cpp">
      <Filter>Source Files</Filter>
    </ClCompile>
    <ClCompile Include="RiotClientShell.cpp">
      <Filter>Source Files</Filter>
    </ClCompile>
    <ClCompile Include="..\Shared\RiotCommonUtilities.cpp">
      <Filter>Source Files</Filter>
    </ClCompile>
    <ClCompile Include="RiotMenu.cpp">
      <Filter>Source Files</Filter>
    </ClCompile>
    <ClCompile Include="RiotSettings.cpp">
      <Filter>Source Files</Filter>
    </ClCompile>
    <ClCompile Include="RocketFlareFX.cpp">
      <Filter>Source Files</Filter>
    </ClCompile>
    <ClCompile Include="SFXMgr.cpp">
      <Filter>Source Files</Filter>
    </ClCompile>
    <ClCompile Include="SFXReg.cpp">
      <Filter>Source Files</Filter>
    </ClCompile>
    <ClCompile Include="ShellCasingFX.cpp">
      <Filter>Source Files</Filter>
    </ClCompile>
    <ClCompile Include="Slider.cpp">
      <Filter>Source Files</Filter>
    </ClCompile>
    <ClCompile Include="SmokeFX.cpp">
      <Filter>Source Files</Filter>
    </ClCompile>
    <ClCompile Include="SmokeSphereFX.cpp">
      <Filter>Source Files</Filter>
    </ClCompile>
    <ClCompile Include="Sparam.cpp">
      <Filter>Source Files</Filter>
    </ClCompile>
    <ClCompile Include="SparksFX.cpp">
      <Filter>Source Files</Filter>
    </ClCompile>
    <ClCompile Include="SpriteFX.cpp">
      <Filter>Source Files</Filter>
    </ClCompile>
    <ClCompile Include="TextHelper.cpp">
      <Filter>Source Files</Filter>
    </ClCompile>
    <ClCompile Include="TracerFX.cpp">
      <Filter>Source Files</Filter>
    </ClCompile>
    <ClCompile Include="VKDefs.cpp">
      <Filter>Source Files</Filter>
    </ClCompile>
    <ClCompile Include="..\Shared\WeaponDefs.cpp">
      <Filter>Source Files</Filter>
    </ClCompile>
    <ClCompile Include="WeaponFX.cpp">
      <Filter>Source Files</Filter>
    </ClCompile>
    <ClCompile Include="WeaponFXLow.cpp">
      <Filter>Source Files</Filter>
    </ClCompile>
    <ClCompile Include="WeaponFXMed.cpp">
      <Filter>Source Files</Filter>
    </ClCompile>
    <ClCompile Include="WeaponModel.cpp">
      <Filter>Source Files</Filter>
    </ClCompile>
    <ClCompile Include="WeaponSoundFX.cpp">
      <Filter>Source Files</Filter>
    </ClCompile>
    <ClCompile Include="WinUtil.cpp">
      <Filter>Source Files</Filter>
    </ClCompile>
  </ItemGroup>
  <ItemGroup>
    <ClInclude Include="AnimeLineFX.h">
      <Filter>Header Files</Filter>
    </ClInclude>
    <ClInclude Include="BaseLineSystemFX.h">
      <Filter>Header Files</Filter>
    </ClInclude>
    <ClInclude Include="BaseMenu.h">
      <Filter>Header Files</Filter>
    </ClInclude>
    <ClInclude Include="BaseParticleSystemFX.h">
      <Filter>Header Files</Filter>
    </ClInclude>
    <ClInclude Include="BaseScaleFX.h">
      <Filter>Header Files</Filter>
    </ClInclude>
    <ClInclude Include="BitmapFont.h">
      <Filter>Header Files</Filter>
    </ClInclude>
    <ClInclude Include="BulletTrailFX.h">
      <Filter>Header Files</Filter>
    </ClInclude>
    <ClInclude Include="CameraFX.h">
      <Filter>Header Files</Filter>
    </ClInclude>
    <ClInclude Include="CastLineFX.h">
      <Filter>Header Files</Filter>
    </ClInclude>
    <ClInclude Include="CharacterAlignment.h">
      <Filter>Header Files</Filter>
    </ClInclude>
    <ClInclude Include="CheatDefs.h">
      <Filter>Header Files</Filter>
    </ClInclude>
    <ClInclude Include="client_physics.h">
      <Filter>Header Files</Filter>
    </ClInclude>
    <ClInclude Include="ClientInfoMgr.h">
      <Filter>Header Files</Filter>
    </ClInclude>
    <ClInclude Include="..\Shared\ClientRes.h">
      <Filter>Header Files</Filter>
    </ClInclude>
    <ClInclude Include="ClientServerShared.h">
      <Filter>Header Files</Filter>
    </ClInclude>
    <ClInclude Include="ClientUtilities.h">
      <Filter>Header Files</Filter>
    </ClInclude>
    <ClInclude Include="CMoveMgr.h">
      <Filter>Header Files</Filter>
    </ClInclude>
    <ClInclude Include="ContainerCodes.h">
      <Filter>Header Files</Filter>
    </ClInclude>
    <ClInclude Include="ControlsMenu.h">
      <Filter>Header Files</Filter>
    </ClInclude>
    <ClInclude Include="CriticalHitFX.h">
      <Filter>Header Files</Filter>
    </ClInclude>
    <ClInclude Include="CustomSettingsMenu.h">
      <Filter>Header Files</Filter>
    </ClInclude>
    <ClInclude Include="DeathFX.h">
      <Filter>Header Files</Filter>
    </ClInclude>
    <ClInclude Include="DebrisFX.h">
      <Filter>Header Files</Filter>
    </ClInclude>
    <ClInclude Include="DebrisTypes.h">
      <Filter>Header Files</Filter>
    </ClInclude>
    <ClInclude Include="DisplayOptionsMenu.h">
      <Filter>Header Files</Filter>
    </ClInclude>
    <ClInclude Include="DynamicLightFX.h">
      <Filter>Header Files</Filter>
    </ClInclude>
    <ClInclude Include="DynArray.h">
      <Filter>Header Files</Filter>
    </ClInclude>
    <ClInclude Include="ExplosionFX.h">
      <Filter>Header Files</Filter>
    </ClInclude>
    <ClInclude Include="Font08.h">
      <Filter>Header Files</Filter>
    </ClInclude>
    <ClInclude Include="Font12.h">
      <Filter>Header Files</Filter>
    </ClInclude>
    <ClInclude Include="Font28.h">
      <Filter>Header Files</Filter>
    </ClInclude>
    <ClInclude Include="GibFX.h">
      <Filter>Header Files</Filter>
    </ClInclude>
    <ClInclude Include="GibTypes.h">
      <Filter>Header Files</Filter>
    </ClInclude>
    <ClInclude Include="JoystickMenu.h">
      <Filter>Header Files</Filter>
    </ClInclude>
    <ClInclude Include="JuggernautFX.h">
      <Filter>Header Files</Filter>
    </ClInclude>
    <ClInclude Include="KeyboardMenu.h">
      <Filter>Header Files</Filter>
    </ClInclude>
    <ClInclude Include="LaserCannonFX.h">
      <Filter>Header Files</Filter>
    </ClInclude>
    <ClInclude Include="LightFX.h">
      <Filter>Header Files</Filter>
    </ClInclude>
    <ClInclude Include="LineBallFX.h">
      <Filter>Header Files</Filter>
    </ClInclude>
    <ClInclude Include="LoadLevelMenu.h">
      <Filter>Header Files</Filter>
    </ClInclude>
    <ClInclude Include="MainMenu.h">
      <Filter>Header Files</Filter>
    </ClInclude>
    <ClInclude Include="MarkSFX.h">
      <Filter>Header Files</Filter>
    </ClInclude>
    <ClInclude Include="MessageMgr.h">
      <Filter>Header Files</Filter>
    </ClInclude>
    <ClInclude Include="MissionObjectives.h">
      <Filter>Header Files</Filter>
    </ClInclude>
    <ClInclude Include="ModelFuncs.h">
      <Filter>Header Files</Filter>
    </ClInclude>
    <ClInclude Include="ModelIds.h">
      <Filter>Header Files</Filter>
    </ClInclude>
    <ClInclude Include="MouseMenu.h">
      <Filter>Header Files</Filter>
    </ClInclude>
    <ClInclude Include="Music.h">
      <Filter>Header Files</Filter>
    </ClInclude>
    <ClInclude Include="NetInfo.h">
      <Filter>Header Files</Filter>
    </ClInclude>
    <ClInclude Include="NetStart.h">
      <Filter>Header Files</Filter>
    </ClInclude>
    <ClInclude Include="OptionsMenu.h">
      <Filter>Header Files</Filter>
    </ClInclude>
    <ClInclude Include="ParticleExplosionFX.h">
      <Filter>Header Files</Filter>
    </ClInclude>
    <ClInclude Include="ParticleSystemFX.h">
      <Filter>Header Files</Filter>
    </ClInclude>
    <ClInclude Include="ParticleTrailFX.h">
      <Filter>Header Files</Filter>
    </ClInclude>
    <ClInclude Include="ParticleTrailSegmentFX.h">
      <Filter>Header Files</Filter>
    </ClInclude>
    <ClInclude Include="PickupItemFX.h">
      <Filter>Header Files</Filter>
    </ClInclude>
    <ClInclude Include="plasma.h">
      <Filter>Header Files</Filter>
    </ClInclude>
    <ClInclude Include="PlayerCamera.h">
      <Filter>Header Files</Filter>
    </ClInclude>
    <ClInclude Include="PlayerFX.h">
      <Filter>Header Files</Filter>
    </ClInclude>
    <ClInclude Include="PlayerInventory.h">
      <Filter>Header Files</Filter>
    </ClInclude>
    <ClInclude Include="PlayerModeTypes.h">
      <Filter>Header Files</Filter>
    </ClInclude>
    <ClInclude Include="PlayerStats.h">
      <Filter>Header Files</Filter>
    </ClInclude>
    <ClInclude Include="PolyGridFX.h">
      <Filter>Header Files</Filter>
    </ClInclude>
    <ClInclude Include="PopupMenu.h">
      <Filter>Header Files</Filter>
    </ClInclude>
    <ClInclude Include="PopupMenuIDs.h">
      <Filter>Header Files</Filter>
    </ClInclude>
    <ClInclude Include="ProjectileFX.h">
      <Filter>Header Files</Filter>
    </ClInclude>
    <ClInclude Include="ProjectileFXTypes.h">
      <Filter>Header Files</Filter>
    </ClInclude>
    <ClInclude Include="RiotClientShell.h">
      <Filter>Header Files</Filter>
    </ClInclude>
    <ClInclude Include="RiotCommandIDs.h">
      <Filter>Header Files</Filter>
    </ClInclude>
    <ClInclude Include="RiotCommonUtilities.h">
      <Filter>Header Files</Filter>
    </ClInclude>
    <ClInclude Include="RiotMenu.h">
      <Filter>Header Files</Filter>
    </ClInclude>
    <ClInclude Include="RiotMsgIDs.h">
      <Filter>Header Files</Filter>
    </ClInclude>
    <ClInclude Include="RiotSettings.h">
      <Filter>Header Files</Filter>
    </ClInclude>
    <ClInclude Include="RiotSoundTypes.h">
      <Filter>Header Files</Filter>
    </ClInclude>
    <ClInclude Include="RiotWeaponModels.h">
      <Filter>Header Files</Filter>
    </ClInclude>
    <ClInclude Include="RocketFlareFX.h">
      <Filter>Header Files</Filter>
    </ClInclude>
    <ClInclude Include="SFXMgr.h">
      <Filter>Header Files</Filter>
    </ClInclude>
    <ClInclude Include="SFXMsgIds.h">
      <Filter>Header Files</Filter>
    </ClInclude>
    <ClInclude Include="ShellCasingFX.h">
      <Filter>Header Files</Filter>
    </ClInclude>
    <ClInclude Include="SinglePlayerMenu.h">
      <Filter>Header Files</Filter>
    </ClInclude>
    <ClInclude Include="Slider.h">
      <Filter>Header Files</Filter>
    </ClInclude>
    <ClInclude Include="SmokeFX.h">
      <Filter>Header Files</Filter>
    </ClInclude>
    <ClInclude Include="SmokeSphereFX.h">
      <Filter>Header Files</Filter>
    </ClInclude>
    <ClInclude Include="SoundOptionsMenu.h">
      <Filter>Header Files</Filter>
    </ClInclude>
    <ClInclude Include="SparksFX.h">
      <Filter>Header Files</Filter>
    </ClInclude>
    <ClInclude Include="SpecialFX.h">
      <Filter>Header Files</Filter>
    </ClInclude>
    <ClInclude Include="SpecialFXList.h">
      <Filter>Header Files</Filter>
    </ClInclude>
    <ClInclude Include="SpriteFX.h">
      <Filter>Header Files</Filter>
    </ClInclude>
    <ClInclude Include="SurfaceTypes.h">
      <Filter>Header Files</Filter>
    </ClInclude>
    <ClInclude Include="TextHelper.h">
      <Filter>Header Files</Filter>
    </ClInclude>
    <ClInclude Include="TracerFX.h">
      <Filter>Header Files</Filter>
    </ClInclude>
    <ClInclude Include="VKDefs.h">
      <Filter>Header Files</Filter>
    </ClInclude>
    <ClInclude Include="VolumeBrushFX.h">
      <Filter>Header Files</Filter>
    </ClInclude>
    <ClInclude Include="WeaponDefs.h">
      <Filter>Header Files</Filter>
    </ClInclude>
    <ClInclude Include="..\Shared\WeaponDefs.h">
      <Filter>Header Files</Filter>
    </ClInclude>
    <ClInclude Include="WeaponFX.h">
      <Filter>Header Files</Filter>
    </ClInclude>
    <ClInclude Include="WeaponFXTypes.h">
      <Filter>Header Files</Filter>
    </ClInclude>
    <ClInclude Include="WeaponModel.h">
      <Filter>Header Files</Filter>
    </ClInclude>
    <ClInclude Include="WeaponSoundFX.h">
      <Filter>Header Files</Filter>
    </ClInclude>
    <ClInclude Include="WinUtil.h">
      <Filter>Header Files</Filter>
    </ClInclude>
  </ItemGroup>
  <ItemGroup>
    <ResourceCompile Include="ClientShellDLL.rc" />
  </ItemGroup>
</Project>