<?xml version="1.0" encoding="utf-8"?>
<Project ToolsVersion="4.0" xmlns="http://schemas.microsoft.com/developer/msbuild/2003">
  <ItemGroup>
    <Filter Include="Source Files">
      <UniqueIdentifier>{6614d265-75ec-442f-b8f2-bf65eb865a9c}</UniqueIdentifier>
      <Extensions>cpp;c</Extensions>
    </Filter>
    <Filter Include="Header Files">
      <UniqueIdentifier>{1b379959-7e29-410e-8b0d-0c88bef4f61f}</UniqueIdentifier>
      <Extensions>h;hpp</Extensions>
    </Filter>
  </ItemGroup>
  <ItemGroup>
    <ClCompile Include="Activation.cpp">
      <Filter>Source Files</Filter>
    </ClCompile>
    <ClCompile Include="Admiral.cpp">
      <Filter>Source Files</Filter>
    </ClCompile>
    <ClCompile Include="AdvSound.cpp">
      <Filter>Source Files</Filter>
    </ClCompile>
    <ClCompile Include="AIKey.cpp">
      <Filter>Source Files</Filter>
    </ClCompile>
    <ClCompile Include="AIKeyData.cpp">
      <Filter>Source Files</Filter>
    </ClCompile>
    <ClCompile Include="AIPathMgr.cpp">
      <Filter>Source Files</Filter>
    </ClCompile>
    <ClCompile Include="AISounds.cpp">
      <Filter>Source Files</Filter>
    </ClCompile>
    <ClCompile Include="Akuma.cpp">
      <Filter>Source Files</Filter>
    </ClCompile>
    <ClCompile Include="Andra10.cpp">
      <Filter>Source Files</Filter>
    </ClCompile>
    <ClCompile Include="Andra5.cpp">
      <Filter>Source Files</Filter>
    </ClCompile>
    <ClCompile Include="ArmorBase.cpp">
      <Filter>Source Files</Filter>
    </ClCompile>
    <ClCompile Include="ArmorRepair.cpp">
      <Filter>Source Files</Filter>
    </ClCompile>
    <ClCompile Include="Assassin.cpp">
      <Filter>Source Files</Filter>
    </ClCompile>
    <ClCompile Include="AVC.cpp">
      <Filter>Source Files</Filter>
    </ClCompile>
    <ClCompile Include="Baku.cpp">
      <Filter>Source Files</Filter>
    </ClCompile>
    <ClCompile Include="BaseAI.cpp">
      <Filter>Source Files</Filter>
    </ClCompile>
    <ClCompile Include="BaseCharacter.cpp">
      <Filter>Source Files</Filter>
    </ClCompile>
    <ClCompile Include="BodyArmor.cpp">
      <Filter>Source Files</Filter>
    </ClCompile>
    <ClCompile Include="BodyProp.cpp">
      <Filter>Source Files</Filter>
    </ClCompile>
    <ClCompile Include="Bouncer.cpp">
      <Filter>Source Files</Filter>
    </ClCompile>
    <ClCompile Include="CachedFiles.cpp">
      <Filter>Source Files</Filter>
    </ClCompile>
    <ClCompile Include="Camera.cpp">
      <Filter>Source Files</Filter>
    </ClCompile>
    <ClCompile Include="Cat.cpp">
      <Filter>Source Files</Filter>
    </ClCompile>
    <ClCompile Include="CharacterAttributes.cpp">
      <Filter>Source Files</Filter>
    </ClCompile>
    <ClCompile Include="CharacterMgr.cpp">
      <Filter>Source Files</Filter>
    </ClCompile>
    <ClCompile Include="Civilian1.cpp">
      <Filter>Source Files</Filter>
    </ClCompile>
    <ClCompile Include="Civilian2.cpp">
      <Filter>Source Files</Filter>
    </ClCompile>
    <ClCompile Include="ClientCastLineSFX.cpp">
      <Filter>Source Files</Filter>
    </ClCompile>
    <ClCompile Include="ClientDeathSFX.cpp">
      <Filter>Source Files</Filter>
    </ClCompile>
    <ClCompile Include="ClientLightFX.cpp">
      <Filter>Source Files</Filter>
    </ClCompile>
    <ClCompile Include="ClientSFX.cpp">
      <Filter>Source Files</Filter>
    </ClCompile>
    <ClCompile Include="ClientWeaponSFX.cpp">
      <Filter>Source Files</Filter>
    </ClCompile>
    <ClCompile Include="Cothineal.cpp">
      <Filter>Source Files</Filter>
    </ClCompile>
    <ClCompile Include="..\appheaders\cpp_engineobjects_de.cpp">
      <Filter>Source Files</Filter>
    </ClCompile>
    <ClCompile Include="DebrisFuncs.cpp">
      <Filter>Source Files</Filter>
    </ClCompile>
    <ClCompile Include="..\Shared\DebrisTypes.cpp">
      <Filter>Source Files</Filter>
    </ClCompile>
    <ClCompile Include="Destructable.cpp">
      <Filter>Source Files</Filter>
    </ClCompile>
    <ClCompile Include="DestructableDoor.cpp">
      <Filter>Source Files</Filter>
    </ClCompile>
    <ClCompile Include="DestructableRotatingDoor.cpp">
      <Filter>Source Files</Filter>
    </ClCompile>
    <ClCompile Include="DestructableWorldModel.cpp">
      <Filter>Source Files</Filter>
    </ClCompile>
    <ClCompile Include="DialogTrigger.cpp">
      <Filter>Source Files</Filter>
    </ClCompile>
    <ClCompile Include="Door.cpp">
      <Filter>Source Files</Filter>
    </ClCompile>
    <ClCompile Include="Dropship.cpp">
      <Filter>Source Files</Filter>
    </ClCompile>
    <ClCompile Include="EliteShockTrooper.cpp">
      <Filter>Source Files</Filter>
    </ClCompile>
    <ClCompile Include="EliteTrooper.cpp">
      <Filter>Source Files</Filter>
    </ClCompile>
    <ClCompile Include="Enforcer.cpp">
      <Filter>Source Files</Filter>
    </ClCompile>
    <ClCompile Include="EnhancementItem.cpp">
      <Filter>Source Files</Filter>
    </ClCompile>
    <ClCompile Include="Enhancements.cpp">
      <Filter>Source Files</Filter>
    </ClCompile>
    <ClCompile Include="ExitTrigger.cpp">
      <Filter>Source Files</Filter>
    </ClCompile>
    <ClCompile Include="Explosion.cpp">
      <Filter>Source Files</Filter>
    </ClCompile>
    <ClCompile Include="FirstAid.cpp">
      <Filter>Source Files</Filter>
    </ClCompile>
    <ClCompile Include="FirstAidBase.cpp">
      <Filter>Source Files</Filter>
    </ClCompile>
    <ClCompile Include="Gabriel.cpp">
      <Filter>Source Files</Filter>
    </ClCompile>
    <ClCompile Include="GameStartPoint.cpp">
      <Filter>Source Files</Filter>
    </ClCompile>
    <ClCompile Include="GlassProp.cpp">
      <Filter>Source Files</Filter>
    </ClCompile>
    <ClCompile Include="Hammerhead.cpp">
      <Filter>Source Files</Filter>
    </ClCompile>
    <ClCompile Include="Hank.cpp">
      <Filter>Source Files</Filter>
    </ClCompile>
    <ClCompile Include="Inventory.cpp">
      <Filter>Source Files</Filter>
    </ClCompile>
    <ClCompile Include="InventoryItem.cpp">
      <Filter>Source Files</Filter>
    </ClCompile>
    <ClCompile Include="Kathryn.cpp">
      <Filter>Source Files</Filter>
    </ClCompile>
    <ClCompile Include="Key.cpp">
      <Filter>Source Files</Filter>
    </ClCompile>
    <ClCompile Include="KeyData.cpp">
      <Filter>Source Files</Filter>
    </ClCompile>
    <ClCompile Include="KeyFramer.cpp">
      <Filter>Source Files</Filter>
    </ClCompile>
    <ClCompile Include="Kura.cpp">
      <Filter>Source Files</Filter>
    </ClCompile>
    <ClCompile Include="LaserTrigger.cpp">
      <Filter>Source Files</Filter>
    </ClCompile>
    <ClCompile Include="Lift.cpp">
      <Filter>Source Files</Filter>
    </ClCompile>
    <ClCompile Include="LittleKid.cpp">
      <Filter>Source Files</Filter>
    </ClCompile>
    <ClCompile Include="MajorCharacter.cpp">
      <Filter>Source Files</Filter>
    </ClCompile>
    <ClCompile Include="..\Shared\ModelFuncs.cpp">
      <Filter>Source Files</Filter>
    </ClCompile>
    <ClCompile Include="Music.cpp">
      <Filter>Source Files</Filter>
    </ClCompile>
    <ClCompile Include="object_list.cpp">
      <Filter>Source Files</Filter>
    </ClCompile>
    <ClCompile Include="ObjectiveTrigger.cpp">
      <Filter>Source Files</Filter>
    </ClCompile>
    <ClCompile Include="Officer.cpp">
      <Filter>Source Files</Filter>
    </ClCompile>
    <ClCompile Include="Ordog.cpp">
      <Filter>Source Files</Filter>
    </ClCompile>
    <ClCompile Include="ParticleSystem.cpp">
      <Filter>Source Files</Filter>
    </ClCompile>
    <ClCompile Include="PickupItem.cpp">
      <Filter>Source Files</Filter>
    </ClCompile>
    <ClCompile Include="PlayerMode.cpp">
      <Filter>Source Files</Filter>
    </ClCompile>
    <ClCompile Include="PlayerObj.cpp">
      <Filter>Source Files</Filter>
    </ClCompile>
    <ClCompile Include="PolyGrid.cpp">
      <Filter>Source Files</Filter>
    </ClCompile>
    <ClCompile Include="PowerSurge.cpp">
      <Filter>Source Files</Filter>
    </ClCompile>
    <ClCompile Include="Powerup.cpp">
      <Filter>Source Files</Filter>
    </ClCompile>
    <ClCompile Include="Predator.cpp">
      <Filter>Source Files</Filter>
    </ClCompile>
    <ClCompile Include="Projectile.cpp">
      <Filter>Source Files</Filter>
    </ClCompile>
    <ClCompile Include="Prop.cpp">
      <Filter>Source Files</Filter>
    </ClCompile>
    <ClCompile Include="PVWeaponModel.cpp">
      <Filter>Source Files</Filter>
    </ClCompile>
    <ClCompile Include="Raksha.cpp">
      <Filter>Source Files</Filter>
    </ClCompile>
    <ClCompile Include="Rascal.cpp">
      <Filter>Source Files</Filter>
    </ClCompile>
    <ClCompile Include="..\Shared\RiotCommonUtilities.cpp">
      <Filter>Source Files</Filter>
    </ClCompile>
    <ClCompile Include="RiotObjectUtilities.cpp">
      <Filter>Source Files</Filter>
    </ClCompile>
    <ClCompile Include="RiotProjectiles.cpp">
      <Filter>Source Files</Filter>
    </ClCompile>
    <ClCompile Include="RiotServerShell.cpp">
      <Filter>Source Files</Filter>
    </ClCompile>
    <ClCompile Include="RiotWeapons.cpp">
      <Filter>Source Files</Filter>
    </ClCompile>
    <ClCompile Include="RotatingDoor.cpp">
      <Filter>Source Files</Filter>
    </ClCompile>
    <ClCompile Include="RotatingWorldModel.cpp">
      <Filter>Source Files</Filter>
    </ClCompile>
    <ClCompile Include="Ruin150.cpp">
      <Filter>Source Files</Filter>
    </ClCompile>
    <ClCompile Include="Ryo.cpp">
      <Filter>Source Files</Filter>
    </ClCompile>
    <ClCompile Include="Samantha.cpp">
      <Filter>Source Files</Filter>
    </ClCompile>
    <ClCompile Include="Sanjuro.cpp">
      <Filter>Source Files</Filter>
    </ClCompile>
    <ClCompile Include="ScaleSprite.cpp">
      <Filter>Source Files</Filter>
    </ClCompile>
    <ClCompile Include="ShockTrooper.cpp">
      <Filter>Source Files</Filter>
    </ClCompile>
    <ClCompile Include="ShogoSecret.cpp">
      <Filter>Source Files</Filter>
    </ClCompile>
    <ClCompile Include="Sparam.cpp">
      <Filter>Source Files</Filter>
    </ClCompile>
    <ClCompile Include="Sparrowhawk.cpp">
      <Filter>Source Files</Filter>
    </ClCompile>
    <ClCompile Include="Spawner.cpp">
      <Filter>Source Files</Filter>
    </ClCompile>
    <ClCompile Include="SSFXReg.cpp">
      <Filter>Source Files</Filter>
    </ClCompile>
    <ClCompile Include="StoryTrigger.cpp">
      <Filter>Source Files</Filter>
    </ClCompile>
    <ClCompile Include="Tenma.cpp">
      <Filter>Source Files</Filter>
    </ClCompile>
    <ClCompile Include="Toshiro.cpp">
      <Filter>Source Files</Filter>
    </ClCompile>
    <ClCompile Include="TractorBeam.cpp">
      <Filter>Source Files</Filter>
    </ClCompile>
    <ClCompile Include="TransmissionTrigger.cpp">
      <Filter>Source Files</Filter>
    </ClCompile>
    <ClCompile Include="Trigger.cpp">
      <Filter>Source Files</Filter>
    </ClCompile>
    <ClCompile Include="TriggerSound.cpp">
      <Filter>Source Files</Filter>
    </ClCompile>
    <ClCompile Include="Trooper.cpp">
      <Filter>Source Files</Filter>
    </ClCompile>
    <ClCompile Include="UhlanA3.cpp">
      <Filter>Source Files</Filter>
    </ClCompile>
    <ClCompile Include="UltraPowerupItem.cpp">
      <Filter>Source Files</Filter>
    </ClCompile>
    <ClCompile Include="UltraPowerups.cpp">
      <Filter>Source Files</Filter>
    </ClCompile>
    <ClCompile Include="UpgradeItem.cpp">
      <Filter>Source Files</Filter>
    </ClCompile>
    <ClCompile Include="Upgrades.cpp">
      <Filter>Source Files</Filter>
    </ClCompile>
    <ClCompile Include="Vandal.cpp">
      <Filter>Source Files</Filter>
    </ClCompile>
    <ClCompile Include="Vehicle.cpp">
      <Filter>Source Files</Filter>
    </ClCompile>
    <ClCompile Include="Vigilance.cpp">
      <Filter>Source Files</Filter>
    </ClCompile>
    <ClCompile Include="VolumeBrush.cpp">
      <Filter>Source Files</Filter>
    </ClCompile>
    <ClCompile Include="VolumeBrushTypes.cpp">
      <Filter>Source Files</Filter>
    </ClCompile>
    <ClCompile Include="Weapon.cpp">
      <Filter>Source Files</Filter>
    </ClCompile>
    <ClCompile Include="..\Shared\WeaponDefs.cpp">
      <Filter>Source Files</Filter>
    </ClCompile>
    <ClCompile Include="WeaponPowerups.cpp">
      <Filter>Source Files</Filter>
    </ClCompile>
    <ClCompile Include="Weapons.cpp">
      <Filter>Source Files</Filter>
    </ClCompile>
    <ClCompile Include="WorldModelDebris.cpp">
      <Filter>Source Files</Filter>
    </ClCompile>
    <ClCompile Include="WorldProperties.cpp">
      <Filter>Source Files</Filter>
    </ClCompile>
  </ItemGroup>
  <ItemGroup>
    <ClInclude Include="Activation.h">
      <Filter>Header Files</Filter>
    </ClInclude>
    <ClInclude Include="Admiral.h">
      <Filter>Header Files</Filter>
    </ClInclude>
    <ClInclude Include="AdvSound.h">
      <Filter>Header Files</Filter>
    </ClInclude>
    <ClInclude Include="AIKey.h">
      <Filter>Header Files</Filter>
    </ClInclude>
    <ClInclude Include="AIKeyData.h">
      <Filter>Header Files</Filter>
    </ClInclude>
    <ClInclude Include="AIPathList.h">
      <Filter>Header Files</Filter>
    </ClInclude>
    <ClInclude Include="AIPathMgr.h">
      <Filter>Header Files</Filter>
    </ClInclude>
    <ClInclude Include="AIScriptList.h">
      <Filter>Header Files</Filter>
    </ClInclude>
    <ClInclude Include="AISounds.h">
      <Filter>Header Files</Filter>
    </ClInclude>
    <ClInclude Include="Akuma.h">
      <Filter>Header Files</Filter>
    </ClInclude>
    <ClInclude Include="Andra10.h">
      <Filter>Header Files</Filter>
    </ClInclude>
    <ClInclude Include="Andra5.h">
      <Filter>Header Files</Filter>
    </ClInclude>
    <ClInclude Include="ArmorBase.h">
      <Filter>Header Files</Filter>
    </ClInclude>
    <ClInclude Include="ArmorRepair.h">
      <Filter>Header Files</Filter>
    </ClInclude>
    <ClInclude Include="Assassin.h">
      <Filter>Header Files</Filter>
    </ClInclude>
    <ClInclude Include="AVC.h">
      <Filter>Header Files</Filter>
    </ClInclude>
    <ClInclude Include="Baku.h">
      <Filter>Header Files</Filter>
    </ClInclude>
    <ClInclude Include="BaseAI.h">
      <Filter>Header Files</Filter>
    </ClInclude>
    <ClInclude Include="BaseCharacter.h">
      <Filter>Header Files</Filter>
    </ClInclude>
    <ClInclude Include="BodyArmor.h">
      <Filter>Header Files</Filter>
    </ClInclude>
    <ClInclude Include="BodyProp.h">
      <Filter>Header Files</Filter>
    </ClInclude>
    <ClInclude Include="Bouncer.h">
      <Filter>Header Files</Filter>
    </ClInclude>
    <ClInclude Include="CachedFiles.h">
      <Filter>Header Files</Filter>
    </ClInclude>
    <ClInclude Include="Camera.h">
      <Filter>Header Files</Filter>
    </ClInclude>
    <ClInclude Include="Cat.h">
      <Filter>Header Files</Filter>
    </ClInclude>
    <ClInclude Include="CharacterAlignment.h">
      <Filter>Header Files</Filter>
    </ClInclude>
    <ClInclude Include="CharacterAttributes.h">
      <Filter>Header Files</Filter>
    </ClInclude>
    <ClInclude Include="CharacterMgr.h">
      <Filter>Header Files</Filter>
    </ClInclude>
    <ClInclude Include="CheatDefs.h">
      <Filter>Header Files</Filter>
    </ClInclude>
    <ClInclude Include="Civilian1.h">
      <Filter>Header Files</Filter>
    </ClInclude>
    <ClInclude Include="Civilian2.h">
      <Filter>Header Files</Filter>
    </ClInclude>
    <ClInclude Include="ClientCastLineSFX.h">
      <Filter>Header Files</Filter>
    </ClInclude>
    <ClInclude Include="ClientDeathSFX.h">
      <Filter>Header Files</Filter>
    </ClInclude>
    <ClInclude Include="ClientLightFX.h">
      <Filter>Header Files</Filter>
    </ClInclude>
    <ClInclude Include="ClientServerShared.h">
      <Filter>Header Files</Filter>
    </ClInclude>
    <ClInclude Include="ClientSFX.h">
      <Filter>Header Files</Filter>
    </ClInclude>
    <ClInclude Include="ClientWeaponSFX.h">
      <Filter>Header Files</Filter>
    </ClInclude>
    <ClInclude Include="ContainerCodes.h">
      <Filter>Header Files</Filter>
    </ClInclude>
    <ClInclude Include="Cothineal.h">
      <Filter>Header Files</Filter>
    </ClInclude>
    <ClInclude Include="DamageTypes.h">
      <Filter>Header Files</Filter>
    </ClInclude>
    <ClInclude Include="DebrisFuncs.h">
      <Filter>Header Files</Filter>
    </ClInclude>
    <ClInclude Include="DebrisTypes.h">
      <Filter>Header Files</Filter>
    </ClInclude>
    <ClInclude Include="Destructable.h">
      <Filter>Header Files</Filter>
    </ClInclude>
    <ClInclude Include="DestructableDoor.h">
      <Filter>Header Files</Filter>
    </ClInclude>
    <ClInclude Include="DestructableRotatingDoor.h">
      <Filter>Header Files</Filter>
    </ClInclude>
    <ClInclude Include="DestructableWorldModel.h">
      <Filter>Header Files</Filter>
    </ClInclude>
    <ClInclude Include="DialogTrigger.h">
      <Filter>Header Files</Filter>
    </ClInclude>
    <ClInclude Include="Door.h">
      <Filter>Header Files</Filter>
    </ClInclude>
    <ClInclude Include="Dropship.h">
      <Filter>Header Files</Filter>
    </ClInclude>
    <ClInclude Include="EliteShockTrooper.h">
      <Filter>Header Files</Filter>
    </ClInclude>
    <ClInclude Include="EliteTrooper.h">
      <Filter>Header Files</Filter>
    </ClInclude>
    <ClInclude Include="Enforcer.h">
      <Filter>Header Files</Filter>
    </ClInclude>
    <ClInclude Include="EnhancementItem.h">
      <Filter>Header Files</Filter>
    </ClInclude>
    <ClInclude Include="Enhancements.h">
      <Filter>Header Files</Filter>
    </ClInclude>
    <ClInclude Include="ExitTrigger.h">
      <Filter>Header Files</Filter>
    </ClInclude>
    <ClInclude Include="Explosion.h">
      <Filter>Header Files</Filter>
    </ClInclude>
    <ClInclude Include="FirstAid.h">
      <Filter>Header Files</Filter>
    </ClInclude>
    <ClInclude Include="FirstAidBase.h">
      <Filter>Header Files</Filter>
    </ClInclude>
    <ClInclude Include="Gabriel.h">
      <Filter>Header Files</Filter>
    </ClInclude>
    <ClInclude Include="GameStartPoint.h">
      <Filter>Header Files</Filter>
    </ClInclude>
    <ClInclude Include="GibTypes.h">
      <Filter>Header Files</Filter>
    </ClInclude>
    <ClInclude Include="GlassProp.h">
      <Filter>Header Files</Filter>
    </ClInclude>
    <ClInclude Include="HammerHead.h">
      <Filter>Header Files</Filter>
    </ClInclude>
    <ClInclude Include="Hank.h">
      <Filter>Header Files</Filter>
    </ClInclude>
    <ClInclude Include="Inventory.h">
      <Filter>Header Files</Filter>
    </ClInclude>
    <ClInclude Include="InventoryItem.h">
      <Filter>Header Files</Filter>
    </ClInclude>
    <ClInclude Include="InventoryTypes.h">
      <Filter>Header Files</Filter>
    </ClInclude>
    <ClInclude Include="Kathryn.h">
      <Filter>Header Files</Filter>
    </ClInclude>
    <ClInclude Include="Key.h">
      <Filter>Header Files</Filter>
    </ClInclude>
    <ClInclude Include="KeyData.h">
      <Filter>Header Files</Filter>
    </ClInclude>
    <ClInclude Include="KeyFramer.h">
      <Filter>Header Files</Filter>
    </ClInclude>
    <ClInclude Include="Kura.h">
      <Filter>Header Files</Filter>
    </ClInclude>
    <ClInclude Include="LaserTrigger.h">
      <Filter>Header Files</Filter>
    </ClInclude>
    <ClInclude Include="Lift.h">
      <Filter>Header Files</Filter>
    </ClInclude>
    <ClInclude Include="LittleKid.h">
      <Filter>Header Files</Filter>
    </ClInclude>
    <ClInclude Include="MajorCharacter.h">
      <Filter>Header Files</Filter>
    </ClInclude>
    <ClInclude Include="ModelFuncs.h">
      <Filter>Header Files</Filter>
    </ClInclude>
    <ClInclude Include="ModelIds.h">
      <Filter>Header Files</Filter>
    </ClInclude>
    <ClInclude Include="ModelImpact.h">
      <Filter>Header Files</Filter>
    </ClInclude>
    <ClInclude Include="ModelNodes.h">
      <Filter>Header Files</Filter>
    </ClInclude>
    <ClInclude Include="ModelObject.h">
      <Filter>Header Files</Filter>
    </ClInclude>
    <ClInclude Include="Music.h">
      <Filter>Header Files</Filter>
    </ClInclude>
    <ClInclude Include="ObjectiveTrigger.h">
      <Filter>Header Files</Filter>
    </ClInclude>
    <ClInclude Include="ObjectUtilities.h">
      <Filter>Header Files</Filter>
    </ClInclude>
    <ClInclude Include="Officer.h">
      <Filter>Header Files</Filter>
    </ClInclude>
    <ClInclude Include="Ordog.h">
      <Filter>Header Files</Filter>
    </ClInclude>
    <ClInclude Include="ParticleSystem.h">
      <Filter>Header Files</Filter>
    </ClInclude>
    <ClInclude Include="PickupItem.h">
      <Filter>Header Files</Filter>
    </ClInclude>
    <ClInclude Include="PlayerMode.h">
      <Filter>Header Files</Filter>
    </ClInclude>
    <ClInclude Include="PlayerModeTypes.h">
      <Filter>Header Files</Filter>
    </ClInclude>
    <ClInclude Include="PlayerObj.h">
      <Filter>Header Files</Filter>
    </ClInclude>
    <ClInclude Include="PolyGrid.h">
      <Filter>Header Files</Filter>
    </ClInclude>
    <ClInclude Include="PowerSurge.h">
      <Filter>Header Files</Filter>
    </ClInclude>
    <ClInclude Include="Powerup.h">
      <Filter>Header Files</Filter>
    </ClInclude>
    <ClInclude Include="Predator.h">
      <Filter>Header Files</Filter>
    </ClInclude>
    <ClInclude Include="Projectile.h">
      <Filter>Header Files</Filter>
    </ClInclude>
    <ClInclude Include="ProjectileFXTypes.h">
      <Filter>Header Files</Filter>
    </ClInclude>
    <ClInclude Include="Prop.h">
      <Filter>Header Files</Filter>
    </ClInclude>
    <ClInclude Include="PVWeaponModel.h">
      <Filter>Header Files</Filter>
    </ClInclude>
    <ClInclude Include="Raksha.h">
      <Filter>Header Files</Filter>
    </ClInclude>
    <ClInclude Include="Rascal.h">
      <Filter>Header Files</Filter>
    </ClInclude>
    <ClInclude Include="RiotCommandIDs.h">
      <Filter>Header Files</Filter>
    </ClInclude>
    <ClInclude Include="RiotCommonUtilities.h">
      <Filter>Header Files</Filter>
    </ClInclude>
    <ClInclude Include="RiotMsgIDs.h">
      <Filter>Header Files</Filter>
    </ClInclude>
    <ClInclude Include="RiotObjectUtilities.h">
      <Filter>Header Files</Filter>
    </ClInclude>
    <ClInclude Include="RiotProjectiles.h">
      <Filter>Header Files</Filter>
    </ClInclude>
    <ClInclude Include="RiotServerShell.h">
      <Filter>Header Files</Filter>
    </ClInclude>
    <ClInclude Include="RiotSoundTypes.h">
      <Filter>Header Files</Filter>
    </ClInclude>
    <ClInclude Include="RiotWeapons.h">
      <Filter>Header Files</Filter>
    </ClInclude>
    <ClInclude Include="RotatingDoor.h">
      <Filter>Header Files</Filter>
    </ClInclude>
    <ClInclude Include="RotatingWorldModel.h">
      <Filter>Header Files</Filter>
    </ClInclude>
    <ClInclude Include="Ruin150.h">
      <Filter>Header Files</Filter>
    </ClInclude>
    <ClInclude Include="Ryo.h">
      <Filter>Header Files</Filter>
    </ClInclude>
    <ClInclude Include="Samantha.h">
      <Filter>Header Files</Filter>
    </ClInclude>
    <ClInclude Include="ScaleSprite.h">
      <Filter>Header Files</Filter>
    </ClInclude>
    <ClInclude Include="SFXMsgIds.h">
      <Filter>Header Files</Filter>
    </ClInclude>
    <ClInclude Include="ShockTrooper.h">
      <Filter>Header Files</Filter>
    </ClInclude>
    <ClInclude Include="ShogoSecret.h">
      <Filter>Header Files</Filter>
    </ClInclude>
    <ClInclude Include="SparrowHawk.h">
      <Filter>Header Files</Filter>
    </ClInclude>
    <ClInclude Include="Spawner.h">
      <Filter>Header Files</Filter>
    </ClInclude>
    <ClInclude Include="StoryTrigger.h">
      <Filter>Header Files</Filter>
    </ClInclude>
    <ClInclude Include="SurfaceFunctions.h">
      <Filter>Header Files</Filter>
    </ClInclude>
    <ClInclude Include="SurfaceTypes.h">
      <Filter>Header Files</Filter>
    </ClInclude>
    <ClInclude Include="TemplateList.h">
      <Filter>Header Files</Filter>
    </ClInclude>
    <ClInclude Include="Tenma.h">
      <Filter>Header Files</Filter>
    </ClInclude>
    <ClInclude Include="Toshiro.h">
      <Filter>Header Files</Filter>
    </ClInclude>
    <ClInclude Include="TractorBeam.h">
      <Filter>Header Files</Filter>
    </ClInclude>
    <ClInclude Include="TransmissionTrigger.h">
      <Filter>Header Files</Filter>
    </ClInclude>
    <ClInclude Include="Trigger.h">
      <Filter>Header Files</Filter>
    </ClInclude>
    <ClInclude Include="TriggerSound.h">
      <Filter>Header Files</Filter>
    </ClInclude>
    <ClInclude Include="Trooper.h">
      <Filter>Header Files</Filter>
    </ClInclude>
    <ClInclude Include="UhlanA3.h">
      <Filter>Header Files</Filter>
    </ClInclude>
    <ClInclude Include="UltraPowerupItem.h">
      <Filter>Header Files</Filter>
    </ClInclude>
    <ClInclude Include="UltraPowerups.h">
      <Filter>Header Files</Filter>
    </ClInclude>
    <ClInclude Include="UpgradeItem.h">
      <Filter>Header Files</Filter>
    </ClInclude>
    <ClInclude Include="Upgrades.h">
      <Filter>Header Files</Filter>
    </ClInclude>
    <ClInclude Include="Vandal.h">
      <Filter>Header Files</Filter>
    </ClInclude>
    <ClInclude Include="Vehicle.h">
      <Filter>Header Files</Filter>
    </ClInclude>
    <ClInclude Include="Vigilance.h">
      <Filter>Header Files</Filter>
    </ClInclude>
    <ClInclude Include="VolumeBrush.h">
      <Filter>Header Files</Filter>
    </ClInclude>
    <ClInclude Include="VolumeBrushTypes.h">
      <Filter>Header Files</Filter>
    </ClInclude>
    <ClInclude Include="Warrior.h">
      <Filter>Header Files</Filter>
    </ClInclude>
    <ClInclude Include="Weapon.h">
      <Filter>Header Files</Filter>
    </ClInclude>
    <ClInclude Include="WeaponFXTypes.h">
      <Filter>Header Files</Filter>
    </ClInclude>
    <ClInclude Include="WeaponPowerups.h">
      <Filter>Header Files</Filter>
    </ClInclude>
    <ClInclude Include="Weapons.h">
      <Filter>Header Files</Filter>
    </ClInclude>
    <ClInclude Include="WorldModelDebris.h">
      <Filter>Header Files</Filter>
    </ClInclude>
  </ItemGroup>
</Project>